
Microsoft Visual Studio Solution File, Format Version 12.00
# Visual Studio Version 17
VisualStudioVersion = 17.0.31903.59
MinimumVisualStudioVersion = 10.0.40219.1
Project("{2150E333-8FDC-42A3-9474-1A3956D46DE8}") = "src", "src", "{827E0CD3-B72D-47B6-A68D-7590B98EB39B}"
EndProject
Project("{FAE04EC0-301F-11D3-BF4B-00C04F79EFBC}") = "Calculator.Core", "src\Calculator.Core\Calculator.Core.csproj", "{6CD1519A-15D9-454E-A4AF-8182069F6200}"
EndProject
Project("{FAE04EC0-301F-11D3-BF4B-00C04F79EFBC}") = "Calculator.Tests.V3", "src\Calculator.Tests.V3\Calculator.Tests.V3.csproj", "{4616C41A-6F64-435A-88E2-AE641110F949}"
EndProject
Global
	GlobalSection(SolutionConfigurationPlatforms) = preSolution
		Debug|Any CPU = Debug|Any CPU
		Debug|x64 = Debug|x64
		Debug|x86 = Debug|x86
		Release|Any CPU = Release|Any CPU
		Release|x64 = Release|x64
		Release|x86 = Release|x86
	EndGlobalSection
	GlobalSection(ProjectConfigurationPlatforms) = postSolution
		{6CD1519A-15D9-454E-A4AF-8182069F6200}.Debug|Any CPU.ActiveCfg = Debug|Any CPU
		{6CD1519A-15D9-454E-A4AF-8182069F6200}.Debug|Any CPU.Build.0 = Debug|Any CPU
		{6CD1519A-15D9-454E-A4AF-8182069F6200}.Debug|x64.ActiveCfg = Debug|Any CPU
		{6CD1519A-15D9-454E-A4AF-8182069F6200}.Debug|x64.Build.0 = Debug|Any CPU
		{6CD1519A-15D9-454E-A4AF-8182069F6200}.Debug|x86.ActiveCfg = Debug|Any CPU
		{6CD1519A-15D9-454E-A4AF-8182069F6200}.Debug|x86.Build.0 = Debug|Any CPU
		{6CD1519A-15D9-454E-A4AF-8182069F6200}.Release|Any CPU.ActiveCfg = Release|Any CPU
		{6CD1519A-15D9-454E-A4AF-8182069F6200}.Release|Any CPU.Build.0 = Release|Any CPU
		{6CD1519A-15D9-454E-A4AF-8182069F6200}.Release|x64.ActiveCfg = Release|Any CPU
		{6CD1519A-15D9-454E-A4AF-8182069F6200}.Release|x64.Build.0 = Release|Any CPU
		{6CD1519A-15D9-454E-A4AF-8182069F6200}.Release|x86.ActiveCfg = Release|Any CPU
		{6CD1519A-15D9-454E-A4AF-8182069F6200}.Release|x86.Build.0 = Release|Any CPU
		{4616C41A-6F64-435A-88E2-AE641110F949}.Debug|Any CPU.ActiveCfg = Debug|Any CPU
		{4616C41A-6F64-435A-88E2-AE641110F949}.Debug|Any CPU.Build.0 = Debug|Any CPU
		{4616C41A-6F64-435A-88E2-AE641110F949}.Debug|x64.ActiveCfg = Debug|Any CPU
		{4616C41A-6F64-435A-88E2-AE641110F949}.Debug|x64.Build.0 = Debug|Any CPU
		{4616C41A-6F64-435A-88E2-AE641110F949}.Debug|x86.ActiveCfg = Debug|Any CPU
		{4616C41A-6F64-435A-88E2-AE641110F949}.Debug|x86.Build.0 = Debug|Any CPU
		{4616C41A-6F64-435A-88E2-AE641110F949}.Release|Any CPU.ActiveCfg = Release|Any CPU
		{4616C41A-6F64-435A-88E2-AE641110F949}.Release|Any CPU.Build.0 = Release|Any CPU
		{4616C41A-6F64-435A-88E2-AE641110F949}.Release|x64.ActiveCfg = Release|Any CPU
		{4616C41A-6F64-435A-88E2-AE641110F949}.Release|x64.Build.0 = Release|Any CPU
		{4616C41A-6F64-435A-88E2-AE641110F949}.Release|x86.ActiveCfg = Release|Any CPU
		{4616C41A-6F64-435A-88E2-AE641110F949}.Release|x86.Build.0 = Release|Any CPU
	EndGlobalSection
	GlobalSection(SolutionProperties) = preSolution
		HideSolutionNode = FALSE
	EndGlobalSection
	GlobalSection(NestedProjects) = preSolution
		{6CD1519A-15D9-454E-A4AF-8182069F6200} = {827E0CD3-B72D-47B6-A68D-7590B98EB39B}
		{4616C41A-6F64-435A-88E2-AE641110F949} = {827E0CD3-B72D-47B6-A68D-7590B98EB39B}
	EndGlobalSection
EndGlobal
