
Microsoft Visual Studio Solution File, Format Version 12.00
# Visual Studio Version 17
VisualStudioVersion = 17.0.31903.59
MinimumVisualStudioVersion = 10.0.40219.1
Project("{2150E333-8FDC-42A3-9474-1A3956D46DE8}") = "src", "src", "{827E0CD3-B72D-47B6-A68D-7590B98EB39B}"
EndProject
Project("{FAE04EC0-301F-11D3-BF4B-00C04F79EFBC}") = "Day23.Domain", "src\Day23.Domain\Day23.Domain.csproj", "{4F404B25-A4F9-4152-AC2F-AEA1A8628EEF}"
EndProject
Project("{FAE04EC0-301F-11D3-BF4B-00C04F79EFBC}") = "Day23.Application", "src\Day23.Application\Day23.Application.csproj", "{662DEBAD-F8D0-44F5-BA75-8BE6B548EE85}"
EndProject
Project("{FAE04EC0-301F-11D3-BF4B-00C04F79EFBC}") = "Day23.Infrastructure", "src\Day23.Infrastructure\Day23.Infrastructure.csproj", "{2A7A8015-8813-416C-A0B2-558BF5F5D9B9}"
EndProject
Project("{FAE04EC0-301F-11D3-BF4B-00C04F79EFBC}") = "Day23.Api", "src\Day23.Api\Day23.Api.csproj", "{E673A1A2-85B6-4571-BC59-71FBCE08E72D}"
EndProject
Project("{2150E333-8FDC-42A3-9474-1A3956D46DE8}") = "tests", "tests", "{0AB3BF05-4346-4AA6-1389-037BE0695223}"
EndProject
Project("{FAE04EC0-301F-11D3-BF4B-00C04F79EFBC}") = "Day23.Tests.Integration", "tests\Day23.Tests.Integration\Day23.Tests.Integration.csproj", "{6A75906D-64D5-4DDD-9FF1-90398D63233A}"
EndProject
Global
	GlobalSection(SolutionConfigurationPlatforms) = preSolution
		Debug|Any CPU = Debug|Any CPU
		Debug|x64 = Debug|x64
		Debug|x86 = Debug|x86
		Release|Any CPU = Release|Any CPU
		Release|x64 = Release|x64
		Release|x86 = Release|x86
	EndGlobalSection
	GlobalSection(ProjectConfigurationPlatforms) = postSolution
		{4F404B25-A4F9-4152-AC2F-AEA1A8628EEF}.Debug|Any CPU.ActiveCfg = Debug|Any CPU
		{4F404B25-A4F9-4152-AC2F-AEA1A8628EEF}.Debug|Any CPU.Build.0 = Debug|Any CPU
		{4F404B25-A4F9-4152-AC2F-AEA1A8628EEF}.Debug|x64.ActiveCfg = Debug|Any CPU
		{4F404B25-A4F9-4152-AC2F-AEA1A8628EEF}.Debug|x64.Build.0 = Debug|Any CPU
		{4F404B25-A4F9-4152-AC2F-AEA1A8628EEF}.Debug|x86.ActiveCfg = Debug|Any CPU
		{4F404B25-A4F9-4152-AC2F-AEA1A8628EEF}.Debug|x86.Build.0 = Debug|Any CPU
		{4F404B25-A4F9-4152-AC2F-AEA1A8628EEF}.Release|Any CPU.ActiveCfg = Release|Any CPU
		{4F404B25-A4F9-4152-AC2F-AEA1A8628EEF}.Release|Any CPU.Build.0 = Release|Any CPU
		{4F404B25-A4F9-4152-AC2F-AEA1A8628EEF}.Release|x64.ActiveCfg = Release|Any CPU
		{4F404B25-A4F9-4152-AC2F-AEA1A8628EEF}.Release|x64.Build.0 = Release|Any CPU
		{4F404B25-A4F9-4152-AC2F-AEA1A8628EEF}.Release|x86.ActiveCfg = Release|Any CPU
		{4F404B25-A4F9-4152-AC2F-AEA1A8628EEF}.Release|x86.Build.0 = Release|Any CPU
		{662DEBAD-F8D0-44F5-BA75-8BE6B548EE85}.Debug|Any CPU.ActiveCfg = Debug|Any CPU
		{662DEBAD-F8D0-44F5-BA75-8BE6B548EE85}.Debug|Any CPU.Build.0 = Debug|Any CPU
		{662DEBAD-F8D0-44F5-BA75-8BE6B548EE85}.Debug|x64.ActiveCfg = Debug|Any CPU
		{662DEBAD-F8D0-44F5-BA75-8BE6B548EE85}.Debug|x64.Build.0 = Debug|Any CPU
		{662DEBAD-F8D0-44F5-BA75-8BE6B548EE85}.Debug|x86.ActiveCfg = Debug|Any CPU
		{662DEBAD-F8D0-44F5-BA75-8BE6B548EE85}.Debug|x86.Build.0 = Debug|Any CPU
		{662DEBAD-F8D0-44F5-BA75-8BE6B548EE85}.Release|Any CPU.ActiveCfg = Release|Any CPU
		{662DEBAD-F8D0-44F5-BA75-8BE6B548EE85}.Release|Any CPU.Build.0 = Release|Any CPU
		{662DEBAD-F8D0-44F5-BA75-8BE6B548EE85}.Release|x64.ActiveCfg = Release|Any CPU
		{662DEBAD-F8D0-44F5-BA75-8BE6B548EE85}.Release|x64.Build.0 = Release|Any CPU
		{662DEBAD-F8D0-44F5-BA75-8BE6B548EE85}.Release|x86.ActiveCfg = Release|Any CPU
		{662DEBAD-F8D0-44F5-BA75-8BE6B548EE85}.Release|x86.Build.0 = Release|Any CPU
		{2A7A8015-8813-416C-A0B2-558BF5F5D9B9}.Debug|Any CPU.ActiveCfg = Debug|Any CPU
		{2A7A8015-8813-416C-A0B2-558BF5F5D9B9}.Debug|Any CPU.Build.0 = Debug|Any CPU
		{2A7A8015-8813-416C-A0B2-558BF5F5D9B9}.Debug|x64.ActiveCfg = Debug|Any CPU
		{2A7A8015-8813-416C-A0B2-558BF5F5D9B9}.Debug|x64.Build.0 = Debug|Any CPU
		{2A7A8015-8813-416C-A0B2-558BF5F5D9B9}.Debug|x86.ActiveCfg = Debug|Any CPU
		{2A7A8015-8813-416C-A0B2-558BF5F5D9B9}.Debug|x86.Build.0 = Debug|Any CPU
		{2A7A8015-8813-416C-A0B2-558BF5F5D9B9}.Release|Any CPU.ActiveCfg = Release|Any CPU
		{2A7A8015-8813-416C-A0B2-558BF5F5D9B9}.Release|Any CPU.Build.0 = Release|Any CPU
		{2A7A8015-8813-416C-A0B2-558BF5F5D9B9}.Release|x64.ActiveCfg = Release|Any CPU
		{2A7A8015-8813-416C-A0B2-558BF5F5D9B9}.Release|x64.Build.0 = Release|Any CPU
		{2A7A8015-8813-416C-A0B2-558BF5F5D9B9}.Release|x86.ActiveCfg = Release|Any CPU
		{2A7A8015-8813-416C-A0B2-558BF5F5D9B9}.Release|x86.Build.0 = Release|Any CPU
		{E673A1A2-85B6-4571-BC59-71FBCE08E72D}.Debug|Any CPU.ActiveCfg = Debug|Any CPU
		{E673A1A2-85B6-4571-BC59-71FBCE08E72D}.Debug|Any CPU.Build.0 = Debug|Any CPU
		{E673A1A2-85B6-4571-BC59-71FBCE08E72D}.Debug|x64.ActiveCfg = Debug|Any CPU
		{E673A1A2-85B6-4571-BC59-71FBCE08E72D}.Debug|x64.Build.0 = Debug|Any CPU
		{E673A1A2-85B6-4571-BC59-71FBCE08E72D}.Debug|x86.ActiveCfg = Debug|Any CPU
		{E673A1A2-85B6-4571-BC59-71FBCE08E72D}.Debug|x86.Build.0 = Debug|Any CPU
		{E673A1A2-85B6-4571-BC59-71FBCE08E72D}.Release|Any CPU.ActiveCfg = Release|Any CPU
		{E673A1A2-85B6-4571-BC59-71FBCE08E72D}.Release|Any CPU.Build.0 = Release|Any CPU
		{E673A1A2-85B6-4571-BC59-71FBCE08E72D}.Release|x64.ActiveCfg = Release|Any CPU
		{E673A1A2-85B6-4571-BC59-71FBCE08E72D}.Release|x64.Build.0 = Release|Any CPU
		{E673A1A2-85B6-4571-BC59-71FBCE08E72D}.Release|x86.ActiveCfg = Release|Any CPU
		{E673A1A2-85B6-4571-BC59-71FBCE08E72D}.Release|x86.Build.0 = Release|Any CPU
		{6A75906D-64D5-4DDD-9FF1-90398D63233A}.Debug|Any CPU.ActiveCfg = Debug|Any CPU
		{6A75906D-64D5-4DDD-9FF1-90398D63233A}.Debug|Any CPU.Build.0 = Debug|Any CPU
		{6A75906D-64D5-4DDD-9FF1-90398D63233A}.Debug|x64.ActiveCfg = Debug|Any CPU
		{6A75906D-64D5-4DDD-9FF1-90398D63233A}.Debug|x64.Build.0 = Debug|Any CPU
		{6A75906D-64D5-4DDD-9FF1-90398D63233A}.Debug|x86.ActiveCfg = Debug|Any CPU
		{6A75906D-64D5-4DDD-9FF1-90398D63233A}.Debug|x86.Build.0 = Debug|Any CPU
		{6A75906D-64D5-4DDD-9FF1-90398D63233A}.Release|Any CPU.ActiveCfg = Release|Any CPU
		{6A75906D-64D5-4DDD-9FF1-90398D63233A}.Release|Any CPU.Build.0 = Release|Any CPU
		{6A75906D-64D5-4DDD-9FF1-90398D63233A}.Release|x64.ActiveCfg = Release|Any CPU
		{6A75906D-64D5-4DDD-9FF1-90398D63233A}.Release|x64.Build.0 = Release|Any CPU
		{6A75906D-64D5-4DDD-9FF1-90398D63233A}.Release|x86.ActiveCfg = Release|Any CPU
		{6A75906D-64D5-4DDD-9FF1-90398D63233A}.Release|x86.Build.0 = Release|Any CPU
	EndGlobalSection
	GlobalSection(SolutionProperties) = preSolution
		HideSolutionNode = FALSE
	EndGlobalSection
	GlobalSection(NestedProjects) = preSolution
		{4F404B25-A4F9-4152-AC2F-AEA1A8628EEF} = {827E0CD3-B72D-47B6-A68D-7590B98EB39B}
		{662DEBAD-F8D0-44F5-BA75-8BE6B548EE85} = {827E0CD3-B72D-47B6-A68D-7590B98EB39B}
		{2A7A8015-8813-416C-A0B2-558BF5F5D9B9} = {827E0CD3-B72D-47B6-A68D-7590B98EB39B}
		{E673A1A2-85B6-4571-BC59-71FBCE08E72D} = {827E0CD3-B72D-47B6-A68D-7590B98EB39B}
		{6A75906D-64D5-4DDD-9FF1-90398D63233A} = {0AB3BF05-4346-4AA6-1389-037BE0695223}
	EndGlobalSection
EndGlobal
